
Microsoft Visual Studio Solution File, Format Version 12.00
# Visual Studio Version 16
VisualStudioVersion = 16.0.31129.286
MinimumVisualStudioVersion = 10.0.40219.1
Project("{FAE04EC0-301F-11D3-BF4B-00C04F79EFBC}") = "BYTEBANK3", "BYTEBANK3\BYTEBANK3.csproj", "{C58DA643-83D2-47BF-A90D-A1ED6EEA26B3}"
EndProject
Project("{FAE04EC0-301F-11D3-BF4B-00C04F79EFBC}") = "AULA007-QUANTIDADEDEFUNCIONARIOS", "AULA007-QUANTIDADEDEFUNCIONARIOS\AULA007-QUANTIDADEDEFUNCIONARIOS.csproj", "{759F093B-452E-40A0-9D88-DD9C3C1994AD}"
EndProject
Project("{FAE04EC0-301F-11D3-BF4B-00C04F79EFBC}") = "AULA008-BYTEBANK-AUMANTANDOSALARIO", "AULA008-BYTEBANK-AUMANTANDOSALARIO\AULA008-BYTEBANK-AUMANTANDOSALARIO.csproj", "{125F1E9B-3A81-4F20-97D3-B5AB2FE943CD}"
EndProject
Project("{FAE04EC0-301F-11D3-BF4B-00C04F79EFBC}") = "AULA009-BYTEBANK-NOVOSFUNCIONARIOS", "AULA009-BYTEBANK-NOVOSFUNCIONARIOS\AULA009-BYTEBANK-NOVOSFUNCIONARIOS.csproj", "{ABACC3E3-230A-437A-B782-7233D3B0C8CD}"
EndProject
Project("{FAE04EC0-301F-11D3-BF4B-00C04F79EFBC}") = "AULA010-ABSTRACAOGETBONIFICACAO", "AULA010-ABSTRACAOGETBONIFICACAO\AULA010-ABSTRACAOGETBONIFICACAO.csproj", "{911D654A-0F05-49A0-ADD1-8BE1C165931F}"
EndProject
Project("{FAE04EC0-301F-11D3-BF4B-00C04F79EFBC}") = "AULA011-TELADELOGIN", "AULA011-TELADELOGIN\AULA011-TELADELOGIN.csproj", "{02823DBC-CC49-4D2F-B5D0-88FBD2966160}"
EndProject
Project("{FAE04EC0-301F-11D3-BF4B-00C04F79EFBC}") = "AULA012-PARCEIROCOMERCIAL", "AULA012-PARCEIROCOMERCIAL\AULA012-PARCEIROCOMERCIAL.csproj", "{D8235207-8015-446C-BB87-E5D6172CC29F}"
EndProject
Global
	GlobalSection(SolutionConfigurationPlatforms) = preSolution
		Debug|Any CPU = Debug|Any CPU
		Release|Any CPU = Release|Any CPU
	EndGlobalSection
	GlobalSection(ProjectConfigurationPlatforms) = postSolution
		{C58DA643-83D2-47BF-A90D-A1ED6EEA26B3}.Debug|Any CPU.ActiveCfg = Debug|Any CPU
		{C58DA643-83D2-47BF-A90D-A1ED6EEA26B3}.Debug|Any CPU.Build.0 = Debug|Any CPU
		{C58DA643-83D2-47BF-A90D-A1ED6EEA26B3}.Release|Any CPU.ActiveCfg = Release|Any CPU
		{C58DA643-83D2-47BF-A90D-A1ED6EEA26B3}.Release|Any CPU.Build.0 = Release|Any CPU
		{759F093B-452E-40A0-9D88-DD9C3C1994AD}.Debug|Any CPU.ActiveCfg = Debug|Any CPU
		{759F093B-452E-40A0-9D88-DD9C3C1994AD}.Debug|Any CPU.Build.0 = Debug|Any CPU
		{759F093B-452E-40A0-9D88-DD9C3C1994AD}.Release|Any CPU.ActiveCfg = Release|Any CPU
		{759F093B-452E-40A0-9D88-DD9C3C1994AD}.Release|Any CPU.Build.0 = Release|Any CPU
		{125F1E9B-3A81-4F20-97D3-B5AB2FE943CD}.Debug|Any CPU.ActiveCfg = Debug|Any CPU
		{125F1E9B-3A81-4F20-97D3-B5AB2FE943CD}.Debug|Any CPU.Build.0 = Debug|Any CPU
		{125F1E9B-3A81-4F20-97D3-B5AB2FE943CD}.Release|Any CPU.ActiveCfg = Release|Any CPU
		{125F1E9B-3A81-4F20-97D3-B5AB2FE943CD}.Release|Any CPU.Build.0 = Release|Any CPU
		{ABACC3E3-230A-437A-B782-7233D3B0C8CD}.Debug|Any CPU.ActiveCfg = Debug|Any CPU
		{ABACC3E3-230A-437A-B782-7233D3B0C8CD}.Debug|Any CPU.Build.0 = Debug|Any CPU
		{ABACC3E3-230A-437A-B782-7233D3B0C8CD}.Release|Any CPU.ActiveCfg = Release|Any CPU
		{ABACC3E3-230A-437A-B782-7233D3B0C8CD}.Release|Any CPU.Build.0 = Release|Any CPU
		{911D654A-0F05-49A0-ADD1-8BE1C165931F}.Debug|Any CPU.ActiveCfg = Debug|Any CPU
		{911D654A-0F05-49A0-ADD1-8BE1C165931F}.Debug|Any CPU.Build.0 = Debug|Any CPU
		{911D654A-0F05-49A0-ADD1-8BE1C165931F}.Release|Any CPU.ActiveCfg = Release|Any CPU
		{911D654A-0F05-49A0-ADD1-8BE1C165931F}.Release|Any CPU.Build.0 = Release|Any CPU
		{02823DBC-CC49-4D2F-B5D0-88FBD2966160}.Debug|Any CPU.ActiveCfg = Debug|Any CPU
		{02823DBC-CC49-4D2F-B5D0-88FBD2966160}.Debug|Any CPU.Build.0 = Debug|Any CPU
		{02823DBC-CC49-4D2F-B5D0-88FBD2966160}.Release|Any CPU.ActiveCfg = Release|Any CPU
		{02823DBC-CC49-4D2F-B5D0-88FBD2966160}.Release|Any CPU.Build.0 = Release|Any CPU
		{D8235207-8015-446C-BB87-E5D6172CC29F}.Debug|Any CPU.ActiveCfg = Debug|Any CPU
		{D8235207-8015-446C-BB87-E5D6172CC29F}.Debug|Any CPU.Build.0 = Debug|Any CPU
		{D8235207-8015-446C-BB87-E5D6172CC29F}.Release|Any CPU.ActiveCfg = Release|Any CPU
		{D8235207-8015-446C-BB87-E5D6172CC29F}.Release|Any CPU.Build.0 = Release|Any CPU
	EndGlobalSection
	GlobalSection(SolutionProperties) = preSolution
		HideSolutionNode = FALSE
	EndGlobalSection
	GlobalSection(ExtensibilityGlobals) = postSolution
		SolutionGuid = {8D4E55EC-5999-42B6-A93D-E215789DC9B5}
	EndGlobalSection
EndGlobal
